{
  "name": "crow.cxx",
  "version": "1.3.1",
  "lockfileVersion": 3,
  "requires": true,
  "packages": {
    "": {
      "name": "crow.cxx",
      "version": "1.3.1",
      "license": "BSD-3-Clause",
      "dependencies": {
        "asio.cxx": "^1.36.1",
        "boost.cxx": "^1.90.7"
      }
    },
    "node_modules/asio.cxx": {
      "version": "1.36.1",
      "resolved": "https://registry.npmjs.org/asio.cxx/-/asio.cxx-1.36.1.tgz",
      "integrity": "sha512-lrEI5K54M1MeFGsuBlef89pzbv67VQahC8F6nXeqrw+56WzAFxmMfmmtTD3HFfyCGAQjEoqb3iznrTqtxsVylw==",
      "license": "BSL-1.0"
    },
    "node_modules/boost.cxx": {
      "version": "1.90.7",
      "resolved": "https://registry.npmjs.org/boost.cxx/-/boost.cxx-1.90.7.tgz",
      "integrity": "sha512-t4pu46fL/CBTQrKQVK99Gh4agRybW/bFVjCcZFRQUw9NbdVdm4ni17RjgRtHEBfPXJ+PyaBzTnLMmmbR2lU1ow==",
      "license": "BSL-1.0"
    }
  }
}
