{
  "name": "crow.cxx",
  "version": "0.0.0",
  "lockfileVersion": 3,
  "requires": true,
  "packages": {
    "": {
      "name": "crow.cxx",
      "version": "0.0.0",
      "license": "BSD-3-Clause",
      "dependencies": {
        "asio.cxx": "^1.36.1"
      }
    },
    "node_modules/asio.cxx": {
      "version": "1.36.1",
      "resolved": "https://registry.npmjs.org/asio.cxx/-/asio.cxx-1.36.1.tgz",
      "integrity": "sha512-lrEI5K54M1MeFGsuBlef89pzbv67VQahC8F6nXeqrw+56WzAFxmMfmmtTD3HFfyCGAQjEoqb3iznrTqtxsVylw==",
      "license": "BSL-1.0"
    }
  }
}
